
Microsoft Visual Studio Solution File, Format Version 12.00
# Visual Studio Version 17
VisualStudioVersion = 17.14.36127.28 d17.14
MinimumVisualStudioVersion = 10.0.40219.1
Project("{FAE04EC0-301F-11D3-BF4B-00C04F79EFBC}") = "EstudiantesApp", "EstudiantesApp\EstudiantesApp.csproj", "{B26818D7-8957-4E50-BB5B-6B35731B4DF6}"
EndProject
Project("{FAE04EC0-301F-11D3-BF4B-00C04F79EFBC}") = "EstudiantesApp.Domain", "EstudiantesApp.Domain\EstudiantesApp.Domain.csproj", "{91166E05-678E-45CC-BC06-F4C25BD9F2CB}"
EndProject
Project("{FAE04EC0-301F-11D3-BF4B-00C04F79EFBC}") = "EstudiantesApp.Application", "EstudiantesApp.Application\EstudiantesApp.Application.csproj", "{F604A529-588F-4D0B-BDF7-4C093C46E5E2}"
EndProject
Project("{FAE04EC0-301F-11D3-BF4B-00C04F79EFBC}") = "EstudiantesApp.Infrastructure", "EstudiantesApp.Infrastructure\EstudiantesApp.Infrastructure.csproj", "{2E3C5DEA-3571-4057-BEC9-800F6B09C176}"
EndProject
Project("{FAE04EC0-301F-11D3-BF4B-00C04F79EFBC}") = "EstudiantesApp.Tests", "EstudiantesApp.Tests\EstudiantesApp.Tests.csproj", "{AC848516-97AB-44A0-A8B5-BE594ABCF404}"
EndProject
Global
	GlobalSection(SolutionConfigurationPlatforms) = preSolution
		Debug|Any CPU = Debug|Any CPU
		Release|Any CPU = Release|Any CPU
	EndGlobalSection
	GlobalSection(ProjectConfigurationPlatforms) = postSolution
		{B26818D7-8957-4E50-BB5B-6B35731B4DF6}.Debug|Any CPU.ActiveCfg = Debug|Any CPU
		{B26818D7-8957-4E50-BB5B-6B35731B4DF6}.Debug|Any CPU.Build.0 = Debug|Any CPU
		{B26818D7-8957-4E50-BB5B-6B35731B4DF6}.Release|Any CPU.ActiveCfg = Release|Any CPU
		{B26818D7-8957-4E50-BB5B-6B35731B4DF6}.Release|Any CPU.Build.0 = Release|Any CPU
		{91166E05-678E-45CC-BC06-F4C25BD9F2CB}.Debug|Any CPU.ActiveCfg = Debug|Any CPU
		{91166E05-678E-45CC-BC06-F4C25BD9F2CB}.Debug|Any CPU.Build.0 = Debug|Any CPU
		{91166E05-678E-45CC-BC06-F4C25BD9F2CB}.Release|Any CPU.ActiveCfg = Release|Any CPU
		{91166E05-678E-45CC-BC06-F4C25BD9F2CB}.Release|Any CPU.Build.0 = Release|Any CPU
		{F604A529-588F-4D0B-BDF7-4C093C46E5E2}.Debug|Any CPU.ActiveCfg = Debug|Any CPU
		{F604A529-588F-4D0B-BDF7-4C093C46E5E2}.Debug|Any CPU.Build.0 = Debug|Any CPU
		{F604A529-588F-4D0B-BDF7-4C093C46E5E2}.Release|Any CPU.ActiveCfg = Release|Any CPU
		{F604A529-588F-4D0B-BDF7-4C093C46E5E2}.Release|Any CPU.Build.0 = Release|Any CPU
		{2E3C5DEA-3571-4057-BEC9-800F6B09C176}.Debug|Any CPU.ActiveCfg = Debug|Any CPU
		{2E3C5DEA-3571-4057-BEC9-800F6B09C176}.Debug|Any CPU.Build.0 = Debug|Any CPU
		{2E3C5DEA-3571-4057-BEC9-800F6B09C176}.Release|Any CPU.ActiveCfg = Release|Any CPU
		{2E3C5DEA-3571-4057-BEC9-800F6B09C176}.Release|Any CPU.Build.0 = Release|Any CPU
		{AC848516-97AB-44A0-A8B5-BE594ABCF404}.Debug|Any CPU.ActiveCfg = Debug|Any CPU
		{AC848516-97AB-44A0-A8B5-BE594ABCF404}.Debug|Any CPU.Build.0 = Debug|Any CPU
		{AC848516-97AB-44A0-A8B5-BE594ABCF404}.Release|Any CPU.ActiveCfg = Release|Any CPU
		{AC848516-97AB-44A0-A8B5-BE594ABCF404}.Release|Any CPU.Build.0 = Release|Any CPU
	EndGlobalSection
	GlobalSection(SolutionProperties) = preSolution
		HideSolutionNode = FALSE
	EndGlobalSection
	GlobalSection(ExtensibilityGlobals) = postSolution
		SolutionGuid = {6D0077AF-880F-45A2-8088-3377EE9B19A9}
	EndGlobalSection
EndGlobal
